
Microsoft Visual Studio Solution File, Format Version 12.00
# Visual Studio Version 17
VisualStudioVersion = 17.9.34728.123
MinimumVisualStudioVersion = 10.0.40219.1
Project("{FAE04EC0-301F-11D3-BF4B-00C04F79EFBC}") = "HiringTrackingSite", "HiringTrackingSite\HiringTrackingSite.csproj", "{E129CCE9-B99A-42DC-817F-43FD4C05B2EF}"
EndProject
Project("{FAE04EC0-301F-11D3-BF4B-00C04F79EFBC}") = "Microsoft.AspNet.SessionState.SessionStateModule", "SessionStateModule\Microsoft.AspNet.SessionState.SessionStateModule.csproj", "{7238F90D-3BCE-4F40-A5BA-EA36AD484BD6}"
EndProject
Project("{FAE04EC0-301F-11D3-BF4B-00C04F79EFBC}") = "Microsoft.AspNet.SessionState.SqlSessionStateProviderAsync", "SqlSessionStateProviderAsync\Microsoft.AspNet.SessionState.SqlSessionStateProviderAsync.csproj", "{493B0482-572A-4465-BD52-4094351C2647}"
EndProject
Global
	GlobalSection(SolutionConfigurationPlatforms) = preSolution
		Debug|Any CPU = Debug|Any CPU
		Release|Any CPU = Release|Any CPU
	EndGlobalSection
	GlobalSection(ProjectConfigurationPlatforms) = postSolution
		{E129CCE9-B99A-42DC-817F-43FD4C05B2EF}.Debug|Any CPU.ActiveCfg = Debug|Any CPU
		{E129CCE9-B99A-42DC-817F-43FD4C05B2EF}.Debug|Any CPU.Build.0 = Debug|Any CPU
		{E129CCE9-B99A-42DC-817F-43FD4C05B2EF}.Release|Any CPU.ActiveCfg = Release|Any CPU
		{E129CCE9-B99A-42DC-817F-43FD4C05B2EF}.Release|Any CPU.Build.0 = Release|Any CPU
		{7238F90D-3BCE-4F40-A5BA-EA36AD484BD6}.Debug|Any CPU.ActiveCfg = Debug|Any CPU
		{7238F90D-3BCE-4F40-A5BA-EA36AD484BD6}.Debug|Any CPU.Build.0 = Debug|Any CPU
		{7238F90D-3BCE-4F40-A5BA-EA36AD484BD6}.Release|Any CPU.ActiveCfg = Release|Any CPU
		{7238F90D-3BCE-4F40-A5BA-EA36AD484BD6}.Release|Any CPU.Build.0 = Release|Any CPU
		{493B0482-572A-4465-BD52-4094351C2647}.Debug|Any CPU.ActiveCfg = Debug|Any CPU
		{493B0482-572A-4465-BD52-4094351C2647}.Debug|Any CPU.Build.0 = Debug|Any CPU
		{493B0482-572A-4465-BD52-4094351C2647}.Release|Any CPU.ActiveCfg = Release|Any CPU
		{493B0482-572A-4465-BD52-4094351C2647}.Release|Any CPU.Build.0 = Release|Any CPU
	EndGlobalSection
	GlobalSection(SolutionProperties) = preSolution
		HideSolutionNode = FALSE
	EndGlobalSection
	GlobalSection(ExtensibilityGlobals) = postSolution
		SolutionGuid = {149124B5-88FB-4787-9418-89AC77F29CBB}
	EndGlobalSection
EndGlobal
